# generated by rye
# use `rye lock` or `rye sync` to update this lockfile
#
# last locked with the following flags:
#   pre: false
#   features: []
#   all-features: false
#   with-sources: false
#   generate-hashes: false
#   universal: false

-e file:.
annotated-types==0.7.0
    # via pydantic
anyio==4.9.0
    # via starlette
click==8.2.1
    # via uvicorn
colorama==0.4.6
    # via click
fastapi==0.116.1
    # via pdf-to-docx-fitz
h11==0.16.0
    # via uvicorn
idna==3.10
    # via anyio
lxml==6.0.0
    # via python-docx
pydantic==2.11.7
    # via fastapi
pydantic-core==2.33.2
    # via pydantic
pymupdf==1.26.3
    # via pdf-to-docx-fitz
python-docx==1.2.0
    # via pdf-to-docx-fitz
python-multipart==0.0.20
    # via pdf-to-docx-fitz
repoze-lru==0.7
    # via routes
routes==2.5.1
    # via pdf-to-docx-fitz
six==1.17.0
    # via routes
sniffio==1.3.1
    # via anyio
starlette==0.47.2
    # via fastapi
typing-extensions==4.14.1
    # via anyio
    # via fastapi
    # via pydantic
    # via pydantic-core
    # via python-docx
    # via starlette
    # via typing-inspection
typing-inspection==0.4.1
    # via pydantic
uvicorn==0.35.0
    # via pdf-to-docx-fitz
